<Solution>
  <Folder Name="/Solution Items/">
    <File Path="../.gitignore" />
  </Folder>
    <Project Path="McManager.Core/McManager.Core.csproj" Id="eca09ac2-103b-47bb-a953-82ca94be7fa6" />
    <Project Path="McManager.Hybrid/McManager.Hybrid.csproj" Id="8c3aaa4e-ffaf-4305-a24d-5f8066bb1b7f" />
</Solution>
